# THIS IS AN AUTOGENERATED FILE. DO NOT EDIT THIS FILE DIRECTLY.
# yarn lockfile v1


cjk-regex@^2.0.0:
  version "2.0.0"
  resolved "https://registry.yarnpkg.com/cjk-regex/-/cjk-regex-2.0.0.tgz#060aa111e61092768c438ccc9c643a53e8fe1ee5"
  dependencies:
    regexp-util "^1.2.1"
    unicode-regex "^2.0.0"

regexp-util@^1.2.0, regexp-util@^1.2.1:
  version "1.2.2"
  resolved "https://registry.yarnpkg.com/regexp-util/-/regexp-util-1.2.2.tgz#5cf599134921eb0d776e41d41e9c0da33f0fa2fc"
  dependencies:
    tslib "^1.9.0"

tslib@^1.9.0:
  version "1.9.3"
  resolved "https://registry.yarnpkg.com/tslib/-/tslib-1.9.3.tgz#d7e4dd79245d85428c4d7e4822a79917954ca286"

unicode-regex@^2.0.0:
  version "2.0.0"
  resolved "https://registry.yarnpkg.com/unicode-regex/-/unicode-regex-2.0.0.tgz#ef8f6642c37dddcaa0c09af5b9456aabf6b436a3"
  dependencies:
    regexp-util "^1.2.0"
